
Microsoft Visual Studio Solution File, Format Version 12.00
# Visual Studio Version 17
VisualStudioVersion = 17.9.34622.214
MinimumVisualStudioVersion = 10.0.40219.1
Project("{FAE04EC0-301F-11D3-BF4B-00C04F79EFBC}") = "EBS", "EBS.csproj", "{042D91F8-4EFB-4CF5-999D-9BB46E09BD64}"
EndProject
Global
	GlobalSection(SolutionConfigurationPlatforms) = preSolution
		Debug|Any CPU = Debug|Any CPU
		Release|Any CPU = Release|Any CPU
	EndGlobalSection
	GlobalSection(ProjectConfigurationPlatforms) = postSolution
		{042D91F8-4EFB-4CF5-999D-9BB46E09BD64}.Debug|Any CPU.ActiveCfg = Debug|Any CPU
		{042D91F8-4EFB-4CF5-999D-9BB46E09BD64}.Debug|Any CPU.Build.0 = Debug|Any CPU
		{042D91F8-4EFB-4CF5-999D-9BB46E09BD64}.Release|Any CPU.ActiveCfg = Release|Any CPU
		{042D91F8-4EFB-4CF5-999D-9BB46E09BD64}.Release|Any CPU.Build.0 = Release|Any CPU
	EndGlobalSection
	GlobalSection(SolutionProperties) = preSolution
		HideSolutionNode = FALSE
	EndGlobalSection
	GlobalSection(ExtensibilityGlobals) = postSolution
		SolutionGuid = {CEFAA8B8-47EC-4D42-BBF0-A5B076EF9CC2}
	EndGlobalSection
EndGlobal
